{
  "version": 4,
  "terraform_version": "1.1.4",
  "serial": 45,
  "lineage": "08f2172d-d7a1-f1b1-97be-8ded68091676",
  "outputs": {},
  "resources": [
    {
      "mode": "data",
      "type": "azurerm_client_config",
      "name": "current",
      "provider": "provider[\"registry.terraform.io/hashicorp/azurerm\"]",
      "instances": [
        {
          "schema_version": 0,
          "attributes": {
            "client_id": "04b07795-8ddb-461a-bbee-02f9e1bf7b46",
            "id": "2022-02-08 07:26:16.8312766 +0000 UTC",
            "object_id": "69af8317-f6e4-420f-a457-e9a82e6e6e3f",
            "subscription_id": "6f8c51c8-7fed-4dc6-b1d7-651a5cdcf7b5",
            "tenant_id": "0939d9a0-7b95-487c-ab79-21e824a1da19",
            "timeouts": null
          },
          "sensitive_attributes": []
        }
      ]
    },
    {
      "mode": "managed",
      "type": "azurerm_key_vault",
      "name": "kv1",
      "provider": "provider[\"registry.terraform.io/hashicorp/azurerm\"]",
      "instances": [
        {
          "schema_version": 2,
          "attributes": {
            "access_policy": [
              {
                "application_id": "",
                "certificate_permissions": [],
                "key_permissions": [
                  "Get"
                ],
                "object_id": "69af8317-f6e4-420f-a457-e9a82e6e6e3f",
                "secret_permissions": [
                  "Get",
                  "Backup",
                  "Delete",
                  "List",
                  "Purge",
                  "Recover",
                  "Restore",
                  "Set"
                ],
                "storage_permissions": [
                  "Get"
                ],
                "tenant_id": "0939d9a0-7b95-487c-ab79-21e824a1da19"
              }
            ],
            "contact": [],
            "enable_rbac_authorization": false,
            "enabled_for_deployment": false,
            "enabled_for_disk_encryption": true,
            "enabled_for_template_deployment": false,
            "id": "/subscriptions/6f8c51c8-7fed-4dc6-b1d7-651a5cdcf7b5/resourceGroups/dev/providers/Microsoft.KeyVault/vaults/keyvault46b493b60f",
            "location": "westus",
            "name": "keyvault46b493b60f",
            "network_acls": [
              {
                "bypass": "AzureServices",
                "default_action": "Allow",
                "ip_rules": [],
                "virtual_network_subnet_ids": []
              }
            ],
            "purge_protection_enabled": false,
            "resource_group_name": "dev",
            "sku_name": "standard",
            "soft_delete_enabled": true,
            "soft_delete_retention_days": 7,
            "tags": {},
            "tenant_id": "0939d9a0-7b95-487c-ab79-21e824a1da19",
            "timeouts": null,
            "vault_uri": "https://keyvault46b493b60f.vault.azure.net/"
          },
          "sensitive_attributes": [],
          "private": "eyJlMmJmYjczMC1lY2FhLTExZTYtOGY4OC0zNDM2M2JjN2M0YzAiOnsiY3JlYXRlIjoxODAwMDAwMDAwMDAwLCJkZWxldGUiOjE4MDAwMDAwMDAwMDAsInJlYWQiOjMwMDAwMDAwMDAwMCwidXBkYXRlIjoxODAwMDAwMDAwMDAwfSwic2NoZW1hX3ZlcnNpb24iOiIyIn0=",
          "dependencies": [
            "azurerm_resource_group.testrg",
            "data.azurerm_client_config.current",
            "random_id.kvname"
          ]
        }
      ]
    },
    {
      "mode": "managed",
      "type": "azurerm_key_vault_secret",
      "name": "vmpassword",
      "provider": "provider[\"registry.terraform.io/hashicorp/azurerm\"]",
      "instances": [
        {
          "schema_version": 0,
          "attributes": {
            "content_type": "",
            "expiration_date": null,
            "id": "https://keyvault46b493b60f.vault.azure.net/secrets/vmpassword/5a135558cae740d19c8b4794adea3688",
            "key_vault_id": "/subscriptions/6f8c51c8-7fed-4dc6-b1d7-651a5cdcf7b5/resourceGroups/dev/providers/Microsoft.KeyVault/vaults/keyvault46b493b60f",
            "name": "vmpassword",
            "not_before_date": null,
            "tags": {},
            "timeouts": null,
            "value": "{+HaqGP3y=6-T=OIx\u0026TI",
            "version": "5a135558cae740d19c8b4794adea3688",
            "versionless_id": "https://keyvault46b493b60f.vault.azure.net/secrets/vmpassword"
          },
          "sensitive_attributes": [
            [
              {
                "type": "get_attr",
                "value": "value"
              }
            ]
          ],
          "private": "eyJlMmJmYjczMC1lY2FhLTExZTYtOGY4OC0zNDM2M2JjN2M0YzAiOnsiY3JlYXRlIjoxODAwMDAwMDAwMDAwLCJkZWxldGUiOjE4MDAwMDAwMDAwMDAsInJlYWQiOjMwMDAwMDAwMDAwMCwidXBkYXRlIjoxODAwMDAwMDAwMDAwfX0=",
          "dependencies": [
            "azurerm_key_vault.kv1",
            "azurerm_resource_group.testrg",
            "data.azurerm_client_config.current",
            "random_id.kvname",
            "random_password.vmpassword"
          ]
        }
      ]
    },
    {
      "mode": "managed",
      "type": "azurerm_network_interface",
      "name": "vm",
      "provider": "provider[\"registry.terraform.io/hashicorp/azurerm\"]",
      "instances": [
        {
          "schema_version": 0,
          "attributes": {
            "applied_dns_servers": [],
            "dns_servers": [],
            "enable_accelerated_networking": false,
            "enable_ip_forwarding": false,
            "id": "/subscriptions/6f8c51c8-7fed-4dc6-b1d7-651a5cdcf7b5/resourceGroups/dev/providers/Microsoft.Network/networkInterfaces/nic",
            "internal_dns_name_label": "",
            "internal_domain_name_suffix": "s5lfuaoxkynermnxa1i0milufd.dx.internal.cloudapp.net",
            "ip_configuration": [
              {
                "gateway_load_balancer_frontend_ip_configuration_id": "",
                "name": "myNicConfiguration",
                "primary": true,
                "private_ip_address": "10.0.1.4",
                "private_ip_address_allocation": "Dynamic",
                "private_ip_address_version": "IPv4",
                "public_ip_address_id": "/subscriptions/6f8c51c8-7fed-4dc6-b1d7-651a5cdcf7b5/resourceGroups/dev/providers/Microsoft.Network/publicIPAddresses/pubip",
                "subnet_id": "/subscriptions/6f8c51c8-7fed-4dc6-b1d7-651a5cdcf7b5/resourceGroups/dev/providers/Microsoft.Network/virtualNetworks/testvnet/subnets/subnet-1"
              }
            ],
            "location": "westus",
            "mac_address": "",
            "name": "nic",
            "private_ip_address": "10.0.1.4",
            "private_ip_addresses": [
              "10.0.1.4"
            ],
            "resource_group_name": "dev",
            "tags": null,
            "timeouts": null,
            "virtual_machine_id": ""
          },
          "sensitive_attributes": [],
          "private": "eyJlMmJmYjczMC1lY2FhLTExZTYtOGY4OC0zNDM2M2JjN2M0YzAiOnsiY3JlYXRlIjoxODAwMDAwMDAwMDAwLCJkZWxldGUiOjE4MDAwMDAwMDAwMDAsInJlYWQiOjMwMDAwMDAwMDAwMCwidXBkYXRlIjoxODAwMDAwMDAwMDAwfX0=",
          "dependencies": [
            "azurerm_public_ip.pubip",
            "azurerm_subnet.subnet"
          ]
        }
      ]
    },
    {
      "mode": "managed",
      "type": "azurerm_public_ip",
      "name": "pubip",
      "provider": "provider[\"registry.terraform.io/hashicorp/azurerm\"]",
      "instances": [
        {
          "schema_version": 0,
          "attributes": {
            "allocation_method": "Dynamic",
            "availability_zone": "No-Zone",
            "domain_name_label": null,
            "fqdn": null,
            "id": "/subscriptions/6f8c51c8-7fed-4dc6-b1d7-651a5cdcf7b5/resourceGroups/dev/providers/Microsoft.Network/publicIPAddresses/pubip",
            "idle_timeout_in_minutes": 10,
            "ip_address": "",
            "ip_tags": null,
            "ip_version": "IPv4",
            "location": "westus",
            "name": "pubip",
            "public_ip_prefix_id": null,
            "resource_group_name": "dev",
            "reverse_fqdn": null,
            "sku": "Basic",
            "sku_tier": "Regional",
            "tags": null,
            "timeouts": null,
            "zones": []
          },
          "sensitive_attributes": [],
          "private": "eyJlMmJmYjczMC1lY2FhLTExZTYtOGY4OC0zNDM2M2JjN2M0YzAiOnsiY3JlYXRlIjoxODAwMDAwMDAwMDAwLCJkZWxldGUiOjE4MDAwMDAwMDAwMDAsInJlYWQiOjMwMDAwMDAwMDAwMCwidXBkYXRlIjoxODAwMDAwMDAwMDAwfX0="
        }
      ]
    },
    {
      "mode": "managed",
      "type": "azurerm_resource_group",
      "name": "testrg",
      "provider": "provider[\"registry.terraform.io/hashicorp/azurerm\"]",
      "instances": [
        {
          "schema_version": 0,
          "attributes": {
            "id": "/subscriptions/6f8c51c8-7fed-4dc6-b1d7-651a5cdcf7b5/resourceGroups/dev",
            "location": "westus",
            "name": "dev",
            "tags": {
              "environment": "dev"
            },
            "timeouts": null
          },
          "sensitive_attributes": [],
          "private": "eyJlMmJmYjczMC1lY2FhLTExZTYtOGY4OC0zNDM2M2JjN2M0YzAiOnsiY3JlYXRlIjo1NDAwMDAwMDAwMDAwLCJkZWxldGUiOjU0MDAwMDAwMDAwMDAsInJlYWQiOjMwMDAwMDAwMDAwMCwidXBkYXRlIjo1NDAwMDAwMDAwMDAwfX0="
        }
      ]
    },
    {
      "mode": "managed",
      "type": "azurerm_storage_account",
      "name": "storage_1",
      "provider": "provider[\"registry.terraform.io/hashicorp/azurerm\"]",
      "instances": [
        {
          "schema_version": 2,
          "attributes": {
            "access_tier": "Hot",
            "account_kind": "StorageV2",
            "account_replication_type": "GRS",
            "account_tier": "Standard",
            "allow_blob_public_access": false,
            "azure_files_authentication": [],
            "blob_properties": [
              {
                "change_feed_enabled": false,
                "container_delete_retention_policy": [],
                "cors_rule": [],
                "default_service_version": "",
                "delete_retention_policy": [],
                "last_access_time_enabled": false,
                "versioning_enabled": false
              }
            ],
            "custom_domain": [],
            "enable_https_traffic_only": true,
            "id": "/subscriptions/6f8c51c8-7fed-4dc6-b1d7-651a5cdcf7b5/resourceGroups/dev/providers/Microsoft.Storage/storageAccounts/sa1925",
            "identity": [],
            "infrastructure_encryption_enabled": false,
            "is_hns_enabled": false,
            "large_file_share_enabled": null,
            "location": "westus",
            "min_tls_version": "TLS1_0",
            "name": "sa1925",
            "network_rules": [
              {
                "bypass": [
                  "AzureServices"
                ],
                "default_action": "Allow",
                "ip_rules": [],
                "private_link_access": [],
                "virtual_network_subnet_ids": []
              }
            ],
            "nfsv3_enabled": false,
            "primary_access_key": "9gaiIieL666RwtAlSYYMy7QKyucTR0NQT77b4R5jt+YHtB+91oDwHKmt/yLhy4VYWwX1kAESs9L/2UAWpiBJrg==",
            "primary_blob_connection_string": "DefaultEndpointsProtocol=https;BlobEndpoint=https://sa1925.blob.core.windows.net/;AccountName=sa1925;AccountKey=9gaiIieL666RwtAlSYYMy7QKyucTR0NQT77b4R5jt+YHtB+91oDwHKmt/yLhy4VYWwX1kAESs9L/2UAWpiBJrg==",
            "primary_blob_endpoint": "https://sa1925.blob.core.windows.net/",
            "primary_blob_host": "sa1925.blob.core.windows.net",
            "primary_connection_string": "DefaultEndpointsProtocol=https;AccountName=sa1925;AccountKey=9gaiIieL666RwtAlSYYMy7QKyucTR0NQT77b4R5jt+YHtB+91oDwHKmt/yLhy4VYWwX1kAESs9L/2UAWpiBJrg==;EndpointSuffix=core.windows.net",
            "primary_dfs_endpoint": "https://sa1925.dfs.core.windows.net/",
            "primary_dfs_host": "sa1925.dfs.core.windows.net",
            "primary_file_endpoint": "https://sa1925.file.core.windows.net/",
            "primary_file_host": "sa1925.file.core.windows.net",
            "primary_location": "westus",
            "primary_queue_endpoint": "https://sa1925.queue.core.windows.net/",
            "primary_queue_host": "sa1925.queue.core.windows.net",
            "primary_table_endpoint": "https://sa1925.table.core.windows.net/",
            "primary_table_host": "sa1925.table.core.windows.net",
            "primary_web_endpoint": "https://sa1925.z22.web.core.windows.net/",
            "primary_web_host": "sa1925.z22.web.core.windows.net",
            "queue_encryption_key_type": "Service",
            "queue_properties": [
              {
                "cors_rule": [],
                "hour_metrics": [
                  {
                    "enabled": true,
                    "include_apis": true,
                    "retention_policy_days": 7,
                    "version": "1.0"
                  }
                ],
                "logging": [
                  {
                    "delete": false,
                    "read": false,
                    "retention_policy_days": 0,
                    "version": "1.0",
                    "write": false
                  }
                ],
                "minute_metrics": [
                  {
                    "enabled": false,
                    "include_apis": false,
                    "retention_policy_days": 0,
                    "version": "1.0"
                  }
                ]
              }
            ],
            "resource_group_name": "dev",
            "routing": [],
            "secondary_access_key": "kQAmrLsnLbbFqSYPCFLoamdCiYqNJ5e1gs/t87fZXd+dIJyTu8zqQr5prDrEHyAqAV8MDV9kP8CB8evD3DikMQ==",
            "secondary_blob_connection_string": "",
            "secondary_blob_endpoint": null,
            "secondary_blob_host": null,
            "secondary_connection_string": "DefaultEndpointsProtocol=https;AccountName=sa1925;AccountKey=kQAmrLsnLbbFqSYPCFLoamdCiYqNJ5e1gs/t87fZXd+dIJyTu8zqQr5prDrEHyAqAV8MDV9kP8CB8evD3DikMQ==;EndpointSuffix=core.windows.net",
            "secondary_dfs_endpoint": null,
            "secondary_dfs_host": null,
            "secondary_file_endpoint": null,
            "secondary_file_host": null,
            "secondary_location": "eastus",
            "secondary_queue_endpoint": null,
            "secondary_queue_host": null,
            "secondary_table_endpoint": null,
            "secondary_table_host": null,
            "secondary_web_endpoint": null,
            "secondary_web_host": null,
            "share_properties": [
              {
                "cors_rule": [],
                "retention_policy": [
                  {
                    "days": 7
                  }
                ],
                "smb": []
              }
            ],
            "shared_access_key_enabled": true,
            "static_website": [],
            "table_encryption_key_type": "Service",
            "tags": {
              "environment": "dev"
            },
            "timeouts": null
          },
          "sensitive_attributes": [],
          "private": "eyJlMmJmYjczMC1lY2FhLTExZTYtOGY4OC0zNDM2M2JjN2M0YzAiOnsiY3JlYXRlIjozNjAwMDAwMDAwMDAwLCJkZWxldGUiOjM2MDAwMDAwMDAwMDAsInJlYWQiOjMwMDAwMDAwMDAwMCwidXBkYXRlIjozNjAwMDAwMDAwMDAwfSwic2NoZW1hX3ZlcnNpb24iOiIyIn0=",
          "dependencies": [
            "azurerm_resource_group.testrg"
          ]
        }
      ]
    },
    {
      "mode": "managed",
      "type": "azurerm_subnet",
      "name": "subnet",
      "provider": "provider[\"registry.terraform.io/hashicorp/azurerm\"]",
      "instances": [
        {
          "index_key": 0,
          "schema_version": 0,
          "attributes": {
            "address_prefix": "10.0.1.0/24",
            "address_prefixes": [
              "10.0.1.0/24"
            ],
            "delegation": [],
            "enforce_private_link_endpoint_network_policies": false,
            "enforce_private_link_service_network_policies": false,
            "id": "/subscriptions/6f8c51c8-7fed-4dc6-b1d7-651a5cdcf7b5/resourceGroups/dev/providers/Microsoft.Network/virtualNetworks/testvnet/subnets/subnet-1",
            "name": "subnet-1",
            "resource_group_name": "dev",
            "service_endpoint_policy_ids": [],
            "service_endpoints": [],
            "timeouts": null,
            "virtual_network_name": "testvnet"
          },
          "sensitive_attributes": [],
          "private": "eyJlMmJmYjczMC1lY2FhLTExZTYtOGY4OC0zNDM2M2JjN2M0YzAiOnsiY3JlYXRlIjoxODAwMDAwMDAwMDAwLCJkZWxldGUiOjE4MDAwMDAwMDAwMDAsInJlYWQiOjMwMDAwMDAwMDAwMCwidXBkYXRlIjoxODAwMDAwMDAwMDAwfX0=",
          "dependencies": [
            "azurerm_resource_group.testrg",
            "azurerm_virtual_network.testvnet"
          ]
        },
        {
          "index_key": 1,
          "schema_version": 0,
          "attributes": {
            "address_prefix": "10.0.2.0/24",
            "address_prefixes": [
              "10.0.2.0/24"
            ],
            "delegation": [],
            "enforce_private_link_endpoint_network_policies": false,
            "enforce_private_link_service_network_policies": false,
            "id": "/subscriptions/6f8c51c8-7fed-4dc6-b1d7-651a5cdcf7b5/resourceGroups/dev/providers/Microsoft.Network/virtualNetworks/testvnet/subnets/subnet-2",
            "name": "subnet-2",
            "resource_group_name": "dev",
            "service_endpoint_policy_ids": [],
            "service_endpoints": [],
            "timeouts": null,
            "virtual_network_name": "testvnet"
          },
          "sensitive_attributes": [],
          "private": "eyJlMmJmYjczMC1lY2FhLTExZTYtOGY4OC0zNDM2M2JjN2M0YzAiOnsiY3JlYXRlIjoxODAwMDAwMDAwMDAwLCJkZWxldGUiOjE4MDAwMDAwMDAwMDAsInJlYWQiOjMwMDAwMDAwMDAwMCwidXBkYXRlIjoxODAwMDAwMDAwMDAwfX0=",
          "dependencies": [
            "azurerm_resource_group.testrg",
            "azurerm_virtual_network.testvnet"
          ]
        }
      ]
    },
    {
      "mode": "managed",
      "type": "azurerm_virtual_network",
      "name": "testvnet",
      "provider": "provider[\"registry.terraform.io/hashicorp/azurerm\"]",
      "instances": [
        {
          "schema_version": 0,
          "attributes": {
            "address_space": [
              "10.0.0.0/16"
            ],
            "bgp_community": "",
            "ddos_protection_plan": [],
            "dns_servers": [],
            "flow_timeout_in_minutes": 0,
            "guid": "015ad697-56d7-481a-b1b7-06d1a621742b",
            "id": "/subscriptions/6f8c51c8-7fed-4dc6-b1d7-651a5cdcf7b5/resourceGroups/dev/providers/Microsoft.Network/virtualNetworks/testvnet",
            "location": "westus",
            "name": "testvnet",
            "resource_group_name": "dev",
            "subnet": [
              {
                "address_prefix": "10.0.1.0/24",
                "id": "/subscriptions/6f8c51c8-7fed-4dc6-b1d7-651a5cdcf7b5/resourceGroups/dev/providers/Microsoft.Network/virtualNetworks/testvnet/subnets/subnet-1",
                "name": "subnet-1",
                "security_group": ""
              },
              {
                "address_prefix": "10.0.2.0/24",
                "id": "/subscriptions/6f8c51c8-7fed-4dc6-b1d7-651a5cdcf7b5/resourceGroups/dev/providers/Microsoft.Network/virtualNetworks/testvnet/subnets/subnet-2",
                "name": "subnet-2",
                "security_group": ""
              }
            ],
            "tags": {
              "environment": "dev"
            },
            "timeouts": null,
            "vm_protection_enabled": false
          },
          "sensitive_attributes": [],
          "private": "eyJlMmJmYjczMC1lY2FhLTExZTYtOGY4OC0zNDM2M2JjN2M0YzAiOnsiY3JlYXRlIjoxODAwMDAwMDAwMDAwLCJkZWxldGUiOjE4MDAwMDAwMDAwMDAsInJlYWQiOjMwMDAwMDAwMDAwMCwidXBkYXRlIjoxODAwMDAwMDAwMDAwfX0=",
          "dependencies": [
            "azurerm_resource_group.testrg"
          ]
        }
      ]
    },
    {
      "mode": "managed",
      "type": "azurerm_windows_virtual_machine",
      "name": "vm",
      "provider": "provider[\"registry.terraform.io/hashicorp/azurerm\"]",
      "instances": [
        {
          "schema_version": 0,
          "attributes": {
            "additional_capabilities": [],
            "additional_unattend_content": [],
            "admin_password": "{+HaqGP3y=6-T=OIx\u0026TI",
            "admin_username": "azure",
            "allow_extension_operations": true,
            "availability_set_id": "",
            "boot_diagnostics": [],
            "computer_name": "windows",
            "custom_data": null,
            "dedicated_host_group_id": "",
            "dedicated_host_id": "",
            "enable_automatic_updates": true,
            "encryption_at_host_enabled": false,
            "eviction_policy": "",
            "extensions_time_budget": "PT1H30M",
            "id": "/subscriptions/6f8c51c8-7fed-4dc6-b1d7-651a5cdcf7b5/resourceGroups/dev/providers/Microsoft.Compute/virtualMachines/windows",
            "identity": [],
            "license_type": "",
            "location": "westus",
            "max_bid_price": -1,
            "name": "windows",
            "network_interface_ids": [
              "/subscriptions/6f8c51c8-7fed-4dc6-b1d7-651a5cdcf7b5/resourceGroups/dev/providers/Microsoft.Network/networkInterfaces/nic"
            ],
            "os_disk": [
              {
                "caching": "ReadWrite",
                "diff_disk_settings": [],
                "disk_encryption_set_id": "",
                "disk_size_gb": 127,
                "name": "myOsDisk",
                "storage_account_type": "Standard_LRS",
                "write_accelerator_enabled": false
              }
            ],
            "patch_mode": "AutomaticByOS",
            "plan": [],
            "platform_fault_domain": -1,
            "priority": "Regular",
            "private_ip_address": "10.0.1.4",
            "private_ip_addresses": [
              "10.0.1.4"
            ],
            "provision_vm_agent": true,
            "proximity_placement_group_id": "",
            "public_ip_address": "52.190.199.49",
            "public_ip_addresses": [
              "52.190.199.49"
            ],
            "resource_group_name": "dev",
            "secret": [],
            "secure_boot_enabled": false,
            "size": "Standard_DS1_v2",
            "source_image_id": "",
            "source_image_reference": [
              {
                "offer": "Windows-10",
                "publisher": "MicrosoftWindowsDesktop",
                "sku": "20h1-pro-g2",
                "version": "latest"
              }
            ],
            "tags": null,
            "timeouts": null,
            "timezone": "",
            "user_data": "",
            "virtual_machine_id": "8c3ab148-8c70-49d5-bbd1-981d2a4cbd85",
            "virtual_machine_scale_set_id": "",
            "vtpm_enabled": false,
            "winrm_listener": [],
            "zone": ""
          },
          "sensitive_attributes": [
            [
              {
                "type": "get_attr",
                "value": "admin_password"
              }
            ]
          ],
          "private": "eyJlMmJmYjczMC1lY2FhLTExZTYtOGY4OC0zNDM2M2JjN2M0YzAiOnsiY3JlYXRlIjoyNzAwMDAwMDAwMDAwLCJkZWxldGUiOjI3MDAwMDAwMDAwMDAsInJlYWQiOjMwMDAwMDAwMDAwMCwidXBkYXRlIjoyNzAwMDAwMDAwMDAwfX0=",
          "dependencies": [
            "azurerm_key_vault_secret.vmpassword",
            "azurerm_network_interface.vm",
            "azurerm_public_ip.pubip",
            "azurerm_subnet.subnet"
          ]
        }
      ]
    },
    {
      "mode": "managed",
      "type": "random_id",
      "name": "kvname",
      "provider": "provider[\"registry.terraform.io/hashicorp/random\"]",
      "instances": [
        {
          "schema_version": 0,
          "attributes": {
            "b64_std": "keyvaultRrSTtg8=",
            "b64_url": "keyvaultRrSTtg8",
            "byte_length": 5,
            "dec": "keyvault303677289999",
            "hex": "keyvault46b493b60f",
            "id": "RrSTtg8",
            "keepers": null,
            "prefix": "keyvault"
          },
          "sensitive_attributes": [],
          "private": "bnVsbA=="
        }
      ]
    },
    {
      "mode": "managed",
      "type": "random_password",
      "name": "vmpassword",
      "provider": "provider[\"registry.terraform.io/hashicorp/random\"]",
      "instances": [
        {
          "schema_version": 0,
          "attributes": {
            "id": "none",
            "keepers": null,
            "length": 20,
            "lower": true,
            "min_lower": 0,
            "min_numeric": 0,
            "min_special": 0,
            "min_upper": 0,
            "number": true,
            "override_special": null,
            "result": "{+HaqGP3y=6-T=OIx\u0026TI",
            "special": true,
            "upper": true
          },
          "sensitive_attributes": [],
          "private": "bnVsbA=="
        }
      ]
    }
  ]
}
