{
  "version": 4,
  "terraform_version": "1.1.4",
  "serial": 10,
  "lineage": "16f00330-a9d0-3a95-7c29-10a49158a849",
  "outputs": {},
  "resources": [
    {
      "mode": "data",
      "type": "azurerm_client_config",
      "name": "current",
      "provider": "provider[\"registry.terraform.io/hashicorp/azurerm\"]",
      "instances": [
        {
          "schema_version": 0,
          "attributes": {
            "client_id": "04b07795-8ddb-461a-bbee-02f9e1bf7b46",
            "id": "2022-02-08 07:48:51.7448056 +0000 UTC",
            "object_id": "69af8317-f6e4-420f-a457-e9a82e6e6e3f",
            "subscription_id": "6f8c51c8-7fed-4dc6-b1d7-651a5cdcf7b5",
            "tenant_id": "0939d9a0-7b95-487c-ab79-21e824a1da19",
            "timeouts": null
          },
          "sensitive_attributes": []
        }
      ]
    },
    {
      "mode": "managed",
      "type": "azurerm_key_vault",
      "name": "kv1",
      "provider": "provider[\"registry.terraform.io/hashicorp/azurerm\"]",
      "instances": [
        {
          "schema_version": 2,
          "attributes": {
            "access_policy": [
              {
                "application_id": "",
                "certificate_permissions": null,
                "key_permissions": [
                  "Get"
                ],
                "object_id": "69af8317-f6e4-420f-a457-e9a82e6e6e3f",
                "secret_permissions": [
                  "Get",
                  "Backup",
                  "Delete",
                  "List",
                  "Purge",
                  "Recover",
                  "Restore",
                  "Set"
                ],
                "storage_permissions": [
                  "Get"
                ],
                "tenant_id": "0939d9a0-7b95-487c-ab79-21e824a1da19"
              }
            ],
            "contact": [],
            "enable_rbac_authorization": false,
            "enabled_for_deployment": false,
            "enabled_for_disk_encryption": true,
            "enabled_for_template_deployment": false,
            "id": "/subscriptions/6f8c51c8-7fed-4dc6-b1d7-651a5cdcf7b5/resourceGroups/prod/providers/Microsoft.KeyVault/vaults/keyvault09b516f84c",
            "location": "centralus",
            "name": "keyvault09b516f84c",
            "network_acls": [
              {
                "bypass": "AzureServices",
                "default_action": "Allow",
                "ip_rules": [],
                "virtual_network_subnet_ids": []
              }
            ],
            "purge_protection_enabled": false,
            "resource_group_name": "prod",
            "sku_name": "standard",
            "soft_delete_enabled": true,
            "soft_delete_retention_days": 7,
            "tags": null,
            "tenant_id": "0939d9a0-7b95-487c-ab79-21e824a1da19",
            "timeouts": null,
            "vault_uri": "https://keyvault09b516f84c.vault.azure.net/"
          },
          "sensitive_attributes": [],
          "private": "eyJlMmJmYjczMC1lY2FhLTExZTYtOGY4OC0zNDM2M2JjN2M0YzAiOnsiY3JlYXRlIjoxODAwMDAwMDAwMDAwLCJkZWxldGUiOjE4MDAwMDAwMDAwMDAsInJlYWQiOjMwMDAwMDAwMDAwMCwidXBkYXRlIjoxODAwMDAwMDAwMDAwfSwic2NoZW1hX3ZlcnNpb24iOiIyIn0=",
          "dependencies": [
            "azurerm_resource_group.testrg",
            "data.azurerm_client_config.current",
            "random_id.kvname"
          ]
        }
      ]
    },
    {
      "mode": "managed",
      "type": "azurerm_key_vault_secret",
      "name": "vmpassword",
      "provider": "provider[\"registry.terraform.io/hashicorp/azurerm\"]",
      "instances": [
        {
          "schema_version": 0,
          "attributes": {
            "content_type": "",
            "expiration_date": null,
            "id": "https://keyvault09b516f84c.vault.azure.net/secrets/vmpassword/453b443087e8497f85300225b69ec059",
            "key_vault_id": "/subscriptions/6f8c51c8-7fed-4dc6-b1d7-651a5cdcf7b5/resourceGroups/prod/providers/Microsoft.KeyVault/vaults/keyvault09b516f84c",
            "name": "vmpassword",
            "not_before_date": null,
            "tags": null,
            "timeouts": null,
            "value": "i9DfLpD#u(()od_\u00261+L*",
            "version": "453b443087e8497f85300225b69ec059",
            "versionless_id": "https://keyvault09b516f84c.vault.azure.net/secrets/vmpassword"
          },
          "sensitive_attributes": [
            [
              {
                "type": "get_attr",
                "value": "value"
              }
            ]
          ],
          "private": "eyJlMmJmYjczMC1lY2FhLTExZTYtOGY4OC0zNDM2M2JjN2M0YzAiOnsiY3JlYXRlIjoxODAwMDAwMDAwMDAwLCJkZWxldGUiOjE4MDAwMDAwMDAwMDAsInJlYWQiOjMwMDAwMDAwMDAwMCwidXBkYXRlIjoxODAwMDAwMDAwMDAwfX0=",
          "dependencies": [
            "azurerm_key_vault.kv1",
            "azurerm_resource_group.testrg",
            "data.azurerm_client_config.current",
            "random_id.kvname",
            "random_password.vmpassword"
          ]
        }
      ]
    },
    {
      "mode": "managed",
      "type": "azurerm_network_interface",
      "name": "vm",
      "provider": "provider[\"registry.terraform.io/hashicorp/azurerm\"]",
      "instances": []
    },
    {
      "mode": "managed",
      "type": "azurerm_resource_group",
      "name": "testrg",
      "provider": "provider[\"registry.terraform.io/hashicorp/azurerm\"]",
      "instances": [
        {
          "schema_version": 0,
          "attributes": {
            "id": "/subscriptions/6f8c51c8-7fed-4dc6-b1d7-651a5cdcf7b5/resourceGroups/prod",
            "location": "centralus",
            "name": "prod",
            "tags": {
              "environment": "prod"
            },
            "timeouts": null
          },
          "sensitive_attributes": [],
          "private": "eyJlMmJmYjczMC1lY2FhLTExZTYtOGY4OC0zNDM2M2JjN2M0YzAiOnsiY3JlYXRlIjo1NDAwMDAwMDAwMDAwLCJkZWxldGUiOjU0MDAwMDAwMDAwMDAsInJlYWQiOjMwMDAwMDAwMDAwMCwidXBkYXRlIjo1NDAwMDAwMDAwMDAwfX0="
        }
      ]
    },
    {
      "mode": "managed",
      "type": "azurerm_storage_account",
      "name": "storage_1",
      "provider": "provider[\"registry.terraform.io/hashicorp/azurerm\"]",
      "instances": [
        {
          "schema_version": 2,
          "attributes": {
            "access_tier": "Hot",
            "account_kind": "StorageV2",
            "account_replication_type": "GRS",
            "account_tier": "Standard",
            "allow_blob_public_access": false,
            "azure_files_authentication": [],
            "blob_properties": [
              {
                "change_feed_enabled": false,
                "container_delete_retention_policy": [],
                "cors_rule": [],
                "default_service_version": "",
                "delete_retention_policy": [],
                "last_access_time_enabled": false,
                "versioning_enabled": false
              }
            ],
            "custom_domain": [],
            "enable_https_traffic_only": true,
            "id": "/subscriptions/6f8c51c8-7fed-4dc6-b1d7-651a5cdcf7b5/resourceGroups/prod/providers/Microsoft.Storage/storageAccounts/sa1817",
            "identity": [],
            "infrastructure_encryption_enabled": false,
            "is_hns_enabled": false,
            "large_file_share_enabled": null,
            "location": "centralus",
            "min_tls_version": "TLS1_0",
            "name": "sa1817",
            "network_rules": [
              {
                "bypass": [
                  "AzureServices"
                ],
                "default_action": "Allow",
                "ip_rules": [],
                "private_link_access": [],
                "virtual_network_subnet_ids": []
              }
            ],
            "nfsv3_enabled": false,
            "primary_access_key": "4Bz2AkSED//vQHDsyCqvC0o8XXdXTaS71FThKDhxzQbsp+PRzvmnE227c7Sv5pNARAhCRuVOcQxvs7bsIvctDw==",
            "primary_blob_connection_string": "DefaultEndpointsProtocol=https;BlobEndpoint=https://sa1817.blob.core.windows.net/;AccountName=sa1817;AccountKey=4Bz2AkSED//vQHDsyCqvC0o8XXdXTaS71FThKDhxzQbsp+PRzvmnE227c7Sv5pNARAhCRuVOcQxvs7bsIvctDw==",
            "primary_blob_endpoint": "https://sa1817.blob.core.windows.net/",
            "primary_blob_host": "sa1817.blob.core.windows.net",
            "primary_connection_string": "DefaultEndpointsProtocol=https;AccountName=sa1817;AccountKey=4Bz2AkSED//vQHDsyCqvC0o8XXdXTaS71FThKDhxzQbsp+PRzvmnE227c7Sv5pNARAhCRuVOcQxvs7bsIvctDw==;EndpointSuffix=core.windows.net",
            "primary_dfs_endpoint": "https://sa1817.dfs.core.windows.net/",
            "primary_dfs_host": "sa1817.dfs.core.windows.net",
            "primary_file_endpoint": "https://sa1817.file.core.windows.net/",
            "primary_file_host": "sa1817.file.core.windows.net",
            "primary_location": "centralus",
            "primary_queue_endpoint": "https://sa1817.queue.core.windows.net/",
            "primary_queue_host": "sa1817.queue.core.windows.net",
            "primary_table_endpoint": "https://sa1817.table.core.windows.net/",
            "primary_table_host": "sa1817.table.core.windows.net",
            "primary_web_endpoint": "https://sa1817.z19.web.core.windows.net/",
            "primary_web_host": "sa1817.z19.web.core.windows.net",
            "queue_encryption_key_type": "Service",
            "queue_properties": [
              {
                "cors_rule": [],
                "hour_metrics": [
                  {
                    "enabled": true,
                    "include_apis": true,
                    "retention_policy_days": 7,
                    "version": "1.0"
                  }
                ],
                "logging": [
                  {
                    "delete": false,
                    "read": false,
                    "retention_policy_days": 0,
                    "version": "1.0",
                    "write": false
                  }
                ],
                "minute_metrics": [
                  {
                    "enabled": false,
                    "include_apis": false,
                    "retention_policy_days": 0,
                    "version": "1.0"
                  }
                ]
              }
            ],
            "resource_group_name": "prod",
            "routing": [],
            "secondary_access_key": "RzZYJ3nrWCFm5rnB0VJCSKamj0vPpdMRSfi+msFJCTYBC5eMa58n08+6jZZchSWRCeZwegdWjpRDZxjtl9EwjQ==",
            "secondary_blob_connection_string": "",
            "secondary_blob_endpoint": null,
            "secondary_blob_host": null,
            "secondary_connection_string": "DefaultEndpointsProtocol=https;AccountName=sa1817;AccountKey=RzZYJ3nrWCFm5rnB0VJCSKamj0vPpdMRSfi+msFJCTYBC5eMa58n08+6jZZchSWRCeZwegdWjpRDZxjtl9EwjQ==;EndpointSuffix=core.windows.net",
            "secondary_dfs_endpoint": null,
            "secondary_dfs_host": null,
            "secondary_file_endpoint": null,
            "secondary_file_host": null,
            "secondary_location": "eastus2",
            "secondary_queue_endpoint": null,
            "secondary_queue_host": null,
            "secondary_table_endpoint": null,
            "secondary_table_host": null,
            "secondary_web_endpoint": null,
            "secondary_web_host": null,
            "share_properties": [
              {
                "cors_rule": [],
                "retention_policy": [
                  {
                    "days": 7
                  }
                ],
                "smb": []
              }
            ],
            "shared_access_key_enabled": true,
            "static_website": [],
            "table_encryption_key_type": "Service",
            "tags": {
              "environment": "prod"
            },
            "timeouts": null
          },
          "sensitive_attributes": [],
          "private": "eyJlMmJmYjczMC1lY2FhLTExZTYtOGY4OC0zNDM2M2JjN2M0YzAiOnsiY3JlYXRlIjozNjAwMDAwMDAwMDAwLCJkZWxldGUiOjM2MDAwMDAwMDAwMDAsInJlYWQiOjMwMDAwMDAwMDAwMCwidXBkYXRlIjozNjAwMDAwMDAwMDAwfSwic2NoZW1hX3ZlcnNpb24iOiIyIn0=",
          "dependencies": [
            "azurerm_resource_group.testrg"
          ]
        }
      ]
    },
    {
      "mode": "managed",
      "type": "azurerm_subnet",
      "name": "subnet",
      "provider": "provider[\"registry.terraform.io/hashicorp/azurerm\"]",
      "instances": [
        {
          "index_key": 0,
          "schema_version": 0,
          "attributes": {
            "address_prefix": "10.0.1.0/24",
            "address_prefixes": [
              "10.0.1.0/24"
            ],
            "delegation": [],
            "enforce_private_link_endpoint_network_policies": false,
            "enforce_private_link_service_network_policies": false,
            "id": "/subscriptions/6f8c51c8-7fed-4dc6-b1d7-651a5cdcf7b5/resourceGroups/prod/providers/Microsoft.Network/virtualNetworks/testvnet/subnets/subnet-1",
            "name": "subnet-1",
            "resource_group_name": "prod",
            "service_endpoint_policy_ids": null,
            "service_endpoints": null,
            "timeouts": null,
            "virtual_network_name": "testvnet"
          },
          "sensitive_attributes": [],
          "private": "eyJlMmJmYjczMC1lY2FhLTExZTYtOGY4OC0zNDM2M2JjN2M0YzAiOnsiY3JlYXRlIjoxODAwMDAwMDAwMDAwLCJkZWxldGUiOjE4MDAwMDAwMDAwMDAsInJlYWQiOjMwMDAwMDAwMDAwMCwidXBkYXRlIjoxODAwMDAwMDAwMDAwfX0=",
          "dependencies": [
            "azurerm_resource_group.testrg",
            "azurerm_virtual_network.testvnet"
          ]
        },
        {
          "index_key": 1,
          "schema_version": 0,
          "attributes": {
            "address_prefix": "10.0.2.0/24",
            "address_prefixes": [
              "10.0.2.0/24"
            ],
            "delegation": [],
            "enforce_private_link_endpoint_network_policies": false,
            "enforce_private_link_service_network_policies": false,
            "id": "/subscriptions/6f8c51c8-7fed-4dc6-b1d7-651a5cdcf7b5/resourceGroups/prod/providers/Microsoft.Network/virtualNetworks/testvnet/subnets/subnet-2",
            "name": "subnet-2",
            "resource_group_name": "prod",
            "service_endpoint_policy_ids": null,
            "service_endpoints": null,
            "timeouts": null,
            "virtual_network_name": "testvnet"
          },
          "sensitive_attributes": [],
          "private": "eyJlMmJmYjczMC1lY2FhLTExZTYtOGY4OC0zNDM2M2JjN2M0YzAiOnsiY3JlYXRlIjoxODAwMDAwMDAwMDAwLCJkZWxldGUiOjE4MDAwMDAwMDAwMDAsInJlYWQiOjMwMDAwMDAwMDAwMCwidXBkYXRlIjoxODAwMDAwMDAwMDAwfX0=",
          "dependencies": [
            "azurerm_resource_group.testrg",
            "azurerm_virtual_network.testvnet"
          ]
        }
      ]
    },
    {
      "mode": "managed",
      "type": "azurerm_virtual_network",
      "name": "testvnet",
      "provider": "provider[\"registry.terraform.io/hashicorp/azurerm\"]",
      "instances": [
        {
          "schema_version": 0,
          "attributes": {
            "address_space": [
              "10.0.0.0/16"
            ],
            "bgp_community": "",
            "ddos_protection_plan": [],
            "dns_servers": [],
            "flow_timeout_in_minutes": 0,
            "guid": "76df4fa0-1d13-409b-b317-ea5ca4f657fd",
            "id": "/subscriptions/6f8c51c8-7fed-4dc6-b1d7-651a5cdcf7b5/resourceGroups/prod/providers/Microsoft.Network/virtualNetworks/testvnet",
            "location": "centralus",
            "name": "testvnet",
            "resource_group_name": "prod",
            "subnet": [],
            "tags": {
              "environment": "prod"
            },
            "timeouts": null,
            "vm_protection_enabled": false
          },
          "sensitive_attributes": [],
          "private": "eyJlMmJmYjczMC1lY2FhLTExZTYtOGY4OC0zNDM2M2JjN2M0YzAiOnsiY3JlYXRlIjoxODAwMDAwMDAwMDAwLCJkZWxldGUiOjE4MDAwMDAwMDAwMDAsInJlYWQiOjMwMDAwMDAwMDAwMCwidXBkYXRlIjoxODAwMDAwMDAwMDAwfX0=",
          "dependencies": [
            "azurerm_resource_group.testrg"
          ]
        }
      ]
    },
    {
      "mode": "managed",
      "type": "azurerm_windows_virtual_machine",
      "name": "vm",
      "provider": "provider[\"registry.terraform.io/hashicorp/azurerm\"]",
      "instances": []
    },
    {
      "mode": "managed",
      "type": "random_id",
      "name": "kvname",
      "provider": "provider[\"registry.terraform.io/hashicorp/random\"]",
      "instances": [
        {
          "schema_version": 0,
          "attributes": {
            "b64_std": "keyvaultCbUW+Ew=",
            "b64_url": "keyvaultCbUW-Ew",
            "byte_length": 5,
            "dec": "keyvault41692887116",
            "hex": "keyvault09b516f84c",
            "id": "CbUW-Ew",
            "keepers": null,
            "prefix": "keyvault"
          },
          "sensitive_attributes": [],
          "private": "bnVsbA=="
        }
      ]
    },
    {
      "mode": "managed",
      "type": "random_password",
      "name": "vmpassword",
      "provider": "provider[\"registry.terraform.io/hashicorp/random\"]",
      "instances": [
        {
          "schema_version": 0,
          "attributes": {
            "id": "none",
            "keepers": null,
            "length": 20,
            "lower": true,
            "min_lower": 0,
            "min_numeric": 0,
            "min_special": 0,
            "min_upper": 0,
            "number": true,
            "override_special": null,
            "result": "i9DfLpD#u(()od_\u00261+L*",
            "special": true,
            "upper": true
          },
          "sensitive_attributes": [],
          "private": "bnVsbA=="
        }
      ]
    }
  ]
}
